
Microsoft Visual Studio Solution File, Format Version 12.00
# Visual Studio Version 17
VisualStudioVersion = 17.7.34031.279
MinimumVisualStudioVersion = 10.0.40219.1
Project("{8BC9CEB8-8B4A-11D0-8D11-00A0C91BC942}") = "practice24.4.15", "practice24.4.15\practice24.4.15.vcxproj", "{9F652B0D-B750-4489-8FB5-73B01F1BDEBA}"
EndProject
Global
	GlobalSection(SolutionConfigurationPlatforms) = preSolution
		Debug|x64 = Debug|x64
		Debug|x86 = Debug|x86
		Release|x64 = Release|x64
		Release|x86 = Release|x86
	EndGlobalSection
	GlobalSection(ProjectConfigurationPlatforms) = postSolution
		{9F652B0D-B750-4489-8FB5-73B01F1BDEBA}.Debug|x64.ActiveCfg = Debug|x64
		{9F652B0D-B750-4489-8FB5-73B01F1BDEBA}.Debug|x64.Build.0 = Debug|x64
		{9F652B0D-B750-4489-8FB5-73B01F1BDEBA}.Debug|x86.ActiveCfg = Debug|Win32
		{9F652B0D-B750-4489-8FB5-73B01F1BDEBA}.Debug|x86.Build.0 = Debug|Win32
		{9F652B0D-B750-4489-8FB5-73B01F1BDEBA}.Release|x64.ActiveCfg = Release|x64
		{9F652B0D-B750-4489-8FB5-73B01F1BDEBA}.Release|x64.Build.0 = Release|x64
		{9F652B0D-B750-4489-8FB5-73B01F1BDEBA}.Release|x86.ActiveCfg = Release|Win32
		{9F652B0D-B750-4489-8FB5-73B01F1BDEBA}.Release|x86.Build.0 = Release|Win32
	EndGlobalSection
	GlobalSection(SolutionProperties) = preSolution
		HideSolutionNode = FALSE
	EndGlobalSection
	GlobalSection(ExtensibilityGlobals) = postSolution
		SolutionGuid = {6794082F-EBD8-47DA-9CF3-5D3CA1E3D1DE}
	EndGlobalSection
EndGlobal
