
Microsoft Visual Studio Solution File, Format Version 12.00
# Visual Studio Version 17
VisualStudioVersion = 17.7.34031.279
MinimumVisualStudioVersion = 10.0.40219.1
Project("{8BC9CEB8-8B4A-11D0-8D11-00A0C91BC942}") = "practice24.4.16", "practice24.4.16\practice24.4.16.vcxproj", "{5AF8AF19-12D3-42C8-81DD-64AE6DB81469}"
EndProject
Global
	GlobalSection(SolutionConfigurationPlatforms) = preSolution
		Debug|x64 = Debug|x64
		Debug|x86 = Debug|x86
		Release|x64 = Release|x64
		Release|x86 = Release|x86
	EndGlobalSection
	GlobalSection(ProjectConfigurationPlatforms) = postSolution
		{5AF8AF19-12D3-42C8-81DD-64AE6DB81469}.Debug|x64.ActiveCfg = Debug|x64
		{5AF8AF19-12D3-42C8-81DD-64AE6DB81469}.Debug|x64.Build.0 = Debug|x64
		{5AF8AF19-12D3-42C8-81DD-64AE6DB81469}.Debug|x86.ActiveCfg = Debug|Win32
		{5AF8AF19-12D3-42C8-81DD-64AE6DB81469}.Debug|x86.Build.0 = Debug|Win32
		{5AF8AF19-12D3-42C8-81DD-64AE6DB81469}.Release|x64.ActiveCfg = Release|x64
		{5AF8AF19-12D3-42C8-81DD-64AE6DB81469}.Release|x64.Build.0 = Release|x64
		{5AF8AF19-12D3-42C8-81DD-64AE6DB81469}.Release|x86.ActiveCfg = Release|Win32
		{5AF8AF19-12D3-42C8-81DD-64AE6DB81469}.Release|x86.Build.0 = Release|Win32
	EndGlobalSection
	GlobalSection(SolutionProperties) = preSolution
		HideSolutionNode = FALSE
	EndGlobalSection
	GlobalSection(ExtensibilityGlobals) = postSolution
		SolutionGuid = {726ED56C-09D6-4BCE-88C3-B0B75645FB36}
	EndGlobalSection
EndGlobal
