
Microsoft Visual Studio Solution File, Format Version 12.00
# Visual Studio Version 17
VisualStudioVersion = 17.7.34031.279
MinimumVisualStudioVersion = 10.0.40219.1
Project("{8BC9CEB8-8B4A-11D0-8D11-00A0C91BC942}") = "learn24.1.21", "learn24.1.21\learn24.1.21.vcxproj", "{4909CB47-91D4-45B8-A211-70CE0BB5EE68}"
EndProject
Global
	GlobalSection(SolutionConfigurationPlatforms) = preSolution
		Debug|x64 = Debug|x64
		Debug|x86 = Debug|x86
		Release|x64 = Release|x64
		Release|x86 = Release|x86
	EndGlobalSection
	GlobalSection(ProjectConfigurationPlatforms) = postSolution
		{4909CB47-91D4-45B8-A211-70CE0BB5EE68}.Debug|x64.ActiveCfg = Debug|x64
		{4909CB47-91D4-45B8-A211-70CE0BB5EE68}.Debug|x64.Build.0 = Debug|x64
		{4909CB47-91D4-45B8-A211-70CE0BB5EE68}.Debug|x86.ActiveCfg = Debug|Win32
		{4909CB47-91D4-45B8-A211-70CE0BB5EE68}.Debug|x86.Build.0 = Debug|Win32
		{4909CB47-91D4-45B8-A211-70CE0BB5EE68}.Release|x64.ActiveCfg = Release|x64
		{4909CB47-91D4-45B8-A211-70CE0BB5EE68}.Release|x64.Build.0 = Release|x64
		{4909CB47-91D4-45B8-A211-70CE0BB5EE68}.Release|x86.ActiveCfg = Release|Win32
		{4909CB47-91D4-45B8-A211-70CE0BB5EE68}.Release|x86.Build.0 = Release|Win32
	EndGlobalSection
	GlobalSection(SolutionProperties) = preSolution
		HideSolutionNode = FALSE
	EndGlobalSection
	GlobalSection(ExtensibilityGlobals) = postSolution
		SolutionGuid = {9D13EC72-380B-46C8-B72F-C755C17402EB}
	EndGlobalSection
EndGlobal
