
Microsoft Visual Studio Solution File, Format Version 12.00
# Visual Studio Version 17
VisualStudioVersion = 17.7.34031.279
MinimumVisualStudioVersion = 10.0.40219.1
Project("{8BC9CEB8-8B4A-11D0-8D11-00A0C91BC942}") = "practice24.3.7", "practice24.3.7\practice24.3.7.vcxproj", "{26BFC485-7F23-4DED-B1CD-5C1E95E319D5}"
EndProject
Global
	GlobalSection(SolutionConfigurationPlatforms) = preSolution
		Debug|x64 = Debug|x64
		Debug|x86 = Debug|x86
		Release|x64 = Release|x64
		Release|x86 = Release|x86
	EndGlobalSection
	GlobalSection(ProjectConfigurationPlatforms) = postSolution
		{26BFC485-7F23-4DED-B1CD-5C1E95E319D5}.Debug|x64.ActiveCfg = Debug|x64
		{26BFC485-7F23-4DED-B1CD-5C1E95E319D5}.Debug|x64.Build.0 = Debug|x64
		{26BFC485-7F23-4DED-B1CD-5C1E95E319D5}.Debug|x86.ActiveCfg = Debug|Win32
		{26BFC485-7F23-4DED-B1CD-5C1E95E319D5}.Debug|x86.Build.0 = Debug|Win32
		{26BFC485-7F23-4DED-B1CD-5C1E95E319D5}.Release|x64.ActiveCfg = Release|x64
		{26BFC485-7F23-4DED-B1CD-5C1E95E319D5}.Release|x64.Build.0 = Release|x64
		{26BFC485-7F23-4DED-B1CD-5C1E95E319D5}.Release|x86.ActiveCfg = Release|Win32
		{26BFC485-7F23-4DED-B1CD-5C1E95E319D5}.Release|x86.Build.0 = Release|Win32
	EndGlobalSection
	GlobalSection(SolutionProperties) = preSolution
		HideSolutionNode = FALSE
	EndGlobalSection
	GlobalSection(ExtensibilityGlobals) = postSolution
		SolutionGuid = {8CE72CCA-CA02-4472-B413-8C46D023E064}
	EndGlobalSection
EndGlobal
