
Microsoft Visual Studio Solution File, Format Version 12.00
# Visual Studio Version 17
VisualStudioVersion = 17.10.35004.147
MinimumVisualStudioVersion = 10.0.40219.1
Project("{8BC9CEB8-8B4A-11D0-8D11-00A0C91BC942}") = "Binary_Search_Tree24.8.2", "Binary_Search_Tree24.8.2\Binary_Search_Tree24.8.2.vcxproj", "{F51C8F1F-A8B8-4343-AE72-B9089A3D4102}"
EndProject
Global
	GlobalSection(SolutionConfigurationPlatforms) = preSolution
		Debug|x64 = Debug|x64
		Debug|x86 = Debug|x86
		Release|x64 = Release|x64
		Release|x86 = Release|x86
	EndGlobalSection
	GlobalSection(ProjectConfigurationPlatforms) = postSolution
		{F51C8F1F-A8B8-4343-AE72-B9089A3D4102}.Debug|x64.ActiveCfg = Debug|x64
		{F51C8F1F-A8B8-4343-AE72-B9089A3D4102}.Debug|x64.Build.0 = Debug|x64
		{F51C8F1F-A8B8-4343-AE72-B9089A3D4102}.Debug|x86.ActiveCfg = Debug|Win32
		{F51C8F1F-A8B8-4343-AE72-B9089A3D4102}.Debug|x86.Build.0 = Debug|Win32
		{F51C8F1F-A8B8-4343-AE72-B9089A3D4102}.Release|x64.ActiveCfg = Release|x64
		{F51C8F1F-A8B8-4343-AE72-B9089A3D4102}.Release|x64.Build.0 = Release|x64
		{F51C8F1F-A8B8-4343-AE72-B9089A3D4102}.Release|x86.ActiveCfg = Release|Win32
		{F51C8F1F-A8B8-4343-AE72-B9089A3D4102}.Release|x86.Build.0 = Release|Win32
	EndGlobalSection
	GlobalSection(SolutionProperties) = preSolution
		HideSolutionNode = FALSE
	EndGlobalSection
	GlobalSection(ExtensibilityGlobals) = postSolution
		SolutionGuid = {0DA4A4B1-845F-48A4-AC6A-D81970B373D1}
	EndGlobalSection
EndGlobal
