
Microsoft Visual Studio Solution File, Format Version 12.00
# Visual Studio Version 17
VisualStudioVersion = 17.11.35208.52
MinimumVisualStudioVersion = 10.0.40219.1
Project("{8BC9CEB8-8B4A-11D0-8D11-00A0C91BC942}") = "aircraft battle", "aircraft battle\aircraft battle.vcxproj", "{ABC9D754-C787-4E1E-ABC2-64934CB261CB}"
EndProject
Global
	GlobalSection(SolutionConfigurationPlatforms) = preSolution
		Debug|x64 = Debug|x64
		Debug|x86 = Debug|x86
		Release|x64 = Release|x64
		Release|x86 = Release|x86
	EndGlobalSection
	GlobalSection(ProjectConfigurationPlatforms) = postSolution
		{ABC9D754-C787-4E1E-ABC2-64934CB261CB}.Debug|x64.ActiveCfg = Debug|x64
		{ABC9D754-C787-4E1E-ABC2-64934CB261CB}.Debug|x64.Build.0 = Debug|x64
		{ABC9D754-C787-4E1E-ABC2-64934CB261CB}.Debug|x86.ActiveCfg = Debug|Win32
		{ABC9D754-C787-4E1E-ABC2-64934CB261CB}.Debug|x86.Build.0 = Debug|Win32
		{ABC9D754-C787-4E1E-ABC2-64934CB261CB}.Release|x64.ActiveCfg = Release|x64
		{ABC9D754-C787-4E1E-ABC2-64934CB261CB}.Release|x64.Build.0 = Release|x64
		{ABC9D754-C787-4E1E-ABC2-64934CB261CB}.Release|x86.ActiveCfg = Release|Win32
		{ABC9D754-C787-4E1E-ABC2-64934CB261CB}.Release|x86.Build.0 = Release|Win32
	EndGlobalSection
	GlobalSection(SolutionProperties) = preSolution
		HideSolutionNode = FALSE
	EndGlobalSection
	GlobalSection(ExtensibilityGlobals) = postSolution
		SolutionGuid = {A6F55A7D-CCDE-42DF-8427-0F4BD675F632}
	EndGlobalSection
EndGlobal
