
Microsoft Visual Studio Solution File, Format Version 12.00
# Visual Studio Version 17
VisualStudioVersion = 17.10.35004.147
MinimumVisualStudioVersion = 10.0.40219.1
Project("{8BC9CEB8-8B4A-11D0-8D11-00A0C91BC942}") = "learn24.6.15", "learn24.6.15\learn24.6.15.vcxproj", "{B3DD4DF1-C9AA-4A64-A7F9-B8F77BDD95EE}"
EndProject
Global
	GlobalSection(SolutionConfigurationPlatforms) = preSolution
		Debug|x64 = Debug|x64
		Debug|x86 = Debug|x86
		Release|x64 = Release|x64
		Release|x86 = Release|x86
	EndGlobalSection
	GlobalSection(ProjectConfigurationPlatforms) = postSolution
		{B3DD4DF1-C9AA-4A64-A7F9-B8F77BDD95EE}.Debug|x64.ActiveCfg = Debug|x64
		{B3DD4DF1-C9AA-4A64-A7F9-B8F77BDD95EE}.Debug|x64.Build.0 = Debug|x64
		{B3DD4DF1-C9AA-4A64-A7F9-B8F77BDD95EE}.Debug|x86.ActiveCfg = Debug|Win32
		{B3DD4DF1-C9AA-4A64-A7F9-B8F77BDD95EE}.Debug|x86.Build.0 = Debug|Win32
		{B3DD4DF1-C9AA-4A64-A7F9-B8F77BDD95EE}.Release|x64.ActiveCfg = Release|x64
		{B3DD4DF1-C9AA-4A64-A7F9-B8F77BDD95EE}.Release|x64.Build.0 = Release|x64
		{B3DD4DF1-C9AA-4A64-A7F9-B8F77BDD95EE}.Release|x86.ActiveCfg = Release|Win32
		{B3DD4DF1-C9AA-4A64-A7F9-B8F77BDD95EE}.Release|x86.Build.0 = Release|Win32
	EndGlobalSection
	GlobalSection(SolutionProperties) = preSolution
		HideSolutionNode = FALSE
	EndGlobalSection
	GlobalSection(ExtensibilityGlobals) = postSolution
		SolutionGuid = {0E5F5433-58AD-498F-8C0E-2FE23B9BC4CA}
	EndGlobalSection
EndGlobal
