
Microsoft Visual Studio Solution File, Format Version 12.00
# Visual Studio Version 17
VisualStudioVersion = 17.7.34031.279
MinimumVisualStudioVersion = 10.0.40219.1
Project("{8BC9CEB8-8B4A-11D0-8D11-00A0C91BC942}") = "pointer_c_9", "pointer_c_9\pointer_c_9.vcxproj", "{EAF67954-759D-4915-95F4-A9CFD5CD0CBB}"
EndProject
Global
	GlobalSection(SolutionConfigurationPlatforms) = preSolution
		Debug|x64 = Debug|x64
		Debug|x86 = Debug|x86
		Release|x64 = Release|x64
		Release|x86 = Release|x86
	EndGlobalSection
	GlobalSection(ProjectConfigurationPlatforms) = postSolution
		{EAF67954-759D-4915-95F4-A9CFD5CD0CBB}.Debug|x64.ActiveCfg = Debug|x64
		{EAF67954-759D-4915-95F4-A9CFD5CD0CBB}.Debug|x64.Build.0 = Debug|x64
		{EAF67954-759D-4915-95F4-A9CFD5CD0CBB}.Debug|x86.ActiveCfg = Debug|Win32
		{EAF67954-759D-4915-95F4-A9CFD5CD0CBB}.Debug|x86.Build.0 = Debug|Win32
		{EAF67954-759D-4915-95F4-A9CFD5CD0CBB}.Release|x64.ActiveCfg = Release|x64
		{EAF67954-759D-4915-95F4-A9CFD5CD0CBB}.Release|x64.Build.0 = Release|x64
		{EAF67954-759D-4915-95F4-A9CFD5CD0CBB}.Release|x86.ActiveCfg = Release|Win32
		{EAF67954-759D-4915-95F4-A9CFD5CD0CBB}.Release|x86.Build.0 = Release|Win32
	EndGlobalSection
	GlobalSection(SolutionProperties) = preSolution
		HideSolutionNode = FALSE
	EndGlobalSection
	GlobalSection(ExtensibilityGlobals) = postSolution
		SolutionGuid = {8E457F12-26EC-4B61-9301-F72F6AB4EC21}
	EndGlobalSection
EndGlobal
