
Microsoft Visual Studio Solution File, Format Version 12.00
# Visual Studio Version 17
VisualStudioVersion = 17.10.35004.147
MinimumVisualStudioVersion = 10.0.40219.1
Project("{8BC9CEB8-8B4A-11D0-8D11-00A0C91BC942}") = "B-Tree24.8.14", "B-Tree24.8.14\B-Tree24.8.14.vcxproj", "{7EEAA29A-F4C3-4B9D-A9E8-9493770504E7}"
EndProject
Global
	GlobalSection(SolutionConfigurationPlatforms) = preSolution
		Debug|x64 = Debug|x64
		Debug|x86 = Debug|x86
		Release|x64 = Release|x64
		Release|x86 = Release|x86
	EndGlobalSection
	GlobalSection(ProjectConfigurationPlatforms) = postSolution
		{7EEAA29A-F4C3-4B9D-A9E8-9493770504E7}.Debug|x64.ActiveCfg = Debug|x64
		{7EEAA29A-F4C3-4B9D-A9E8-9493770504E7}.Debug|x64.Build.0 = Debug|x64
		{7EEAA29A-F4C3-4B9D-A9E8-9493770504E7}.Debug|x86.ActiveCfg = Debug|Win32
		{7EEAA29A-F4C3-4B9D-A9E8-9493770504E7}.Debug|x86.Build.0 = Debug|Win32
		{7EEAA29A-F4C3-4B9D-A9E8-9493770504E7}.Release|x64.ActiveCfg = Release|x64
		{7EEAA29A-F4C3-4B9D-A9E8-9493770504E7}.Release|x64.Build.0 = Release|x64
		{7EEAA29A-F4C3-4B9D-A9E8-9493770504E7}.Release|x86.ActiveCfg = Release|Win32
		{7EEAA29A-F4C3-4B9D-A9E8-9493770504E7}.Release|x86.Build.0 = Release|Win32
	EndGlobalSection
	GlobalSection(SolutionProperties) = preSolution
		HideSolutionNode = FALSE
	EndGlobalSection
	GlobalSection(ExtensibilityGlobals) = postSolution
		SolutionGuid = {0ADDF0EA-82F1-438B-B7F1-EB003679E8E2}
	EndGlobalSection
EndGlobal
